// !$*UTF8*$!
{
	archiveVersion = 1;
	classes = {
	};
	objectVersion = 46;
	objects = {

/* Begin PBXBuildFile section */
		3F01A396C5984D5AA5188619 /* libPods.a in Frameworks */ = {isa = PBXBuildFile; fileRef = 0C8D9578962D41289FA0B4A1 /* libPods.a */; };
		90163D8C19D739CC00CB0BBE /* tab_fav.png in Resources */ = {isa = PBXBuildFile; fileRef = 90163D8719D739CC00CB0BBE /* tab_fav.png */; };
		90163D8D19D739CC00CB0BBE /* tab_ign.png in Resources */ = {isa = PBXBuildFile; fileRef = 90163D8819D739CC00CB0BBE /* tab_ign.png */; };
		90163D8E19D739CC00CB0BBE /* tab_list.png in Resources */ = {isa = PBXBuildFile; fileRef = 90163D8919D739CC00CB0BBE /* tab_list.png */; };
		90163D9019D739F300CB0BBE /* facebook.png in Resources */ = {isa = PBXBuildFile; fileRef = 90163D8F19D739F300CB0BBE /* facebook.png */; };
		90163D9319D864B100CB0BBE /* star_select.png in Resources */ = {isa = PBXBuildFile; fileRef = 90163D9119D864B100CB0BBE /* star_select.png */; };
		90163D9419D864B100CB0BBE /* star_unselect.png in Resources */ = {isa = PBXBuildFile; fileRef = 90163D9219D864B100CB0BBE /* star_unselect.png */; };
		90163D9719D869F100CB0BBE /* WordViewController.m in Sources */ = {isa = PBXBuildFile; fileRef = 90163D9619D869F100CB0BBE /* WordViewController.m */; };
		903D5C6919A483CB00119129 /* Foundation.framework in Frameworks */ = {isa = PBXBuildFile; fileRef = 903D5C6819A483CB00119129 /* Foundation.framework */; };
		903D5C6B19A483CB00119129 /* CoreGraphics.framework in Frameworks */ = {isa = PBXBuildFile; fileRef = 903D5C6A19A483CB00119129 /* CoreGraphics.framework */; };
		903D5C6D19A483CB00119129 /* UIKit.framework in Frameworks */ = {isa = PBXBuildFile; fileRef = 903D5C6C19A483CB00119129 /* UIKit.framework */; };
		903D5C7319A483CB00119129 /* InfoPlist.strings in Resources */ = {isa = PBXBuildFile; fileRef = 903D5C7119A483CB00119129 /* InfoPlist.strings */; };
		903D5C7519A483CB00119129 /* main.m in Sources */ = {isa = PBXBuildFile; fileRef = 903D5C7419A483CB00119129 /* main.m */; };
		903D5C7919A483CB00119129 /* AppDelegate.m in Sources */ = {isa = PBXBuildFile; fileRef = 903D5C7819A483CB00119129 /* AppDelegate.m */; };
		903D5C7B19A483CB00119129 /* Images.xcassets in Resources */ = {isa = PBXBuildFile; fileRef = 903D5C7A19A483CB00119129 /* Images.xcassets */; };
		903D5C8319A483CB00119129 /* Foundation.framework in Frameworks */ = {isa = PBXBuildFile; fileRef = 903D5C6819A483CB00119129 /* Foundation.framework */; };
		903D5C8419A483CB00119129 /* UIKit.framework in Frameworks */ = {isa = PBXBuildFile; fileRef = 903D5C6C19A483CB00119129 /* UIKit.framework */; };
		903D5C8C19A483CB00119129 /* InfoPlist.strings in Resources */ = {isa = PBXBuildFile; fileRef = 903D5C8A19A483CB00119129 /* InfoPlist.strings */; };
		903D5C8E19A483CB00119129 /* GRE_Cards_iOSTests.m in Sources */ = {isa = PBXBuildFile; fileRef = 903D5C8D19A483CB00119129 /* GRE_Cards_iOSTests.m */; };
		90551A6E1A06B66400FACAF3 /* MainHeaderView.m in Sources */ = {isa = PBXBuildFile; fileRef = 90551A6D1A06B66400FACAF3 /* MainHeaderView.m */; };
		905AFFF319A4AE9E0039A13A /* SocialLogin.m in Sources */ = {isa = PBXBuildFile; fileRef = 905AFFF219A4AE9E0039A13A /* SocialLogin.m */; };
		905AFFF519A4B3D00039A13A /* FacebookSDK.framework in Frameworks */ = {isa = PBXBuildFile; fileRef = 905AFFF419A4B3D00039A13A /* FacebookSDK.framework */; };
		905B6BE019A4A24300A542E7 /* CommonFunction.m in Sources */ = {isa = PBXBuildFile; fileRef = 905B6BDD19A4A24300A542E7 /* CommonFunction.m */; };
		905B6BE419A4A35C00A542E7 /* GoogleOpenSource.framework in Frameworks */ = {isa = PBXBuildFile; fileRef = 905B6BE219A4A35C00A542E7 /* GoogleOpenSource.framework */; };
		905B6BE519A4A35C00A542E7 /* GooglePlus.framework in Frameworks */ = {isa = PBXBuildFile; fileRef = 905B6BE319A4A35C00A542E7 /* GooglePlus.framework */; };
		905B6BE719A4A37000A542E7 /* GooglePlus.bundle in Resources */ = {isa = PBXBuildFile; fileRef = 905B6BE619A4A37000A542E7 /* GooglePlus.bundle */; };
		905F8D9E19D3159D00519C99 /* WordListTableViewCell.m in Sources */ = {isa = PBXBuildFile; fileRef = 905F8D9D19D3159D00519C99 /* WordListTableViewCell.m */; };
		905F8DA219D31AD900519C99 /* WordListViewController.m in Sources */ = {isa = PBXBuildFile; fileRef = 905F8DA119D31AD800519C99 /* WordListViewController.m */; };
		906824C719A49A87003957A1 /* AddressBook.framework in Frameworks */ = {isa = PBXBuildFile; fileRef = 906824C619A49A87003957A1 /* AddressBook.framework */; };
		906824C919A49A8F003957A1 /* AssetsLibrary.framework in Frameworks */ = {isa = PBXBuildFile; fileRef = 906824C819A49A8F003957A1 /* AssetsLibrary.framework */; };
		906824CB19A49A9F003957A1 /* CoreLocation.framework in Frameworks */ = {isa = PBXBuildFile; fileRef = 906824CA19A49A9F003957A1 /* CoreLocation.framework */; };
		906824CD19A49AAE003957A1 /* CoreMotion.framework in Frameworks */ = {isa = PBXBuildFile; fileRef = 906824CC19A49AAE003957A1 /* CoreMotion.framework */; };
		906824CF19A49AD3003957A1 /* CoreText.framework in Frameworks */ = {isa = PBXBuildFile; fileRef = 906824CE19A49AD3003957A1 /* CoreText.framework */; };
		906824D119A49ADF003957A1 /* MediaPlayer.framework in Frameworks */ = {isa = PBXBuildFile; fileRef = 906824D019A49ADF003957A1 /* MediaPlayer.framework */; };
		906824D319A49AE6003957A1 /* Security.framework in Frameworks */ = {isa = PBXBuildFile; fileRef = 906824D219A49AE6003957A1 /* Security.framework */; };
		906824D519A49AF5003957A1 /* SystemConfiguration.framework in Frameworks */ = {isa = PBXBuildFile; fileRef = 906824D419A49AF5003957A1 /* SystemConfiguration.framework */; };
		906824E319A49F13003957A1 /* Toast.m in Sources */ = {isa = PBXBuildFile; fileRef = 906824E219A49F13003957A1 /* Toast.m */; };
		906824E919A49F2F003957A1 /* NSString+MD5.m in Sources */ = {isa = PBXBuildFile; fileRef = 906824E719A49F2F003957A1 /* NSString+MD5.m */; };
		906824ED19A49F5F003957A1 /* Authentication.m in Sources */ = {isa = PBXBuildFile; fileRef = 906824EC19A49F5F003957A1 /* Authentication.m */; };
		906824F519A49F7C003957A1 /* DashboardViewController.m in Sources */ = {isa = PBXBuildFile; fileRef = 906824F019A49F7C003957A1 /* DashboardViewController.m */; };
		906824F619A49F7C003957A1 /* DownloadViewController.m in Sources */ = {isa = PBXBuildFile; fileRef = 906824F219A49F7C003957A1 /* DownloadViewController.m */; };
		906824F719A49F7C003957A1 /* LoginViewController.m in Sources */ = {isa = PBXBuildFile; fileRef = 906824F419A49F7C003957A1 /* LoginViewController.m */; };
		908B6A5719CBE33600633F2F /* Constants.m in Sources */ = {isa = PBXBuildFile; fileRef = 908B6A5619CBE33600633F2F /* Constants.m */; };
		9091CDBB1A0BF93A00E18F53 /* AFHTTPRequestOperation.m in Sources */ = {isa = PBXBuildFile; fileRef = 9091CD971A0BF93A00E18F53 /* AFHTTPRequestOperation.m */; };
		9091CDBC1A0BF93A00E18F53 /* AFHTTPRequestOperationManager.m in Sources */ = {isa = PBXBuildFile; fileRef = 9091CD991A0BF93A00E18F53 /* AFHTTPRequestOperationManager.m */; };
		9091CDBD1A0BF93A00E18F53 /* AFHTTPSessionManager.m in Sources */ = {isa = PBXBuildFile; fileRef = 9091CD9B1A0BF93A00E18F53 /* AFHTTPSessionManager.m */; };
		9091CDBE1A0BF93A00E18F53 /* AFNetworkReachabilityManager.m in Sources */ = {isa = PBXBuildFile; fileRef = 9091CD9E1A0BF93A00E18F53 /* AFNetworkReachabilityManager.m */; };
		9091CDBF1A0BF93A00E18F53 /* AFSecurityPolicy.m in Sources */ = {isa = PBXBuildFile; fileRef = 9091CDA01A0BF93A00E18F53 /* AFSecurityPolicy.m */; };
		9091CDC01A0BF93A00E18F53 /* AFURLConnectionOperation.m in Sources */ = {isa = PBXBuildFile; fileRef = 9091CDA21A0BF93A00E18F53 /* AFURLConnectionOperation.m */; };
		9091CDC11A0BF93A00E18F53 /* AFURLRequestSerialization.m in Sources */ = {isa = PBXBuildFile; fileRef = 9091CDA41A0BF93A00E18F53 /* AFURLRequestSerialization.m */; };
		9091CDC21A0BF93A00E18F53 /* AFURLResponseSerialization.m in Sources */ = {isa = PBXBuildFile; fileRef = 9091CDA61A0BF93A00E18F53 /* AFURLResponseSerialization.m */; };
		9091CDC31A0BF93A00E18F53 /* AFURLSessionManager.m in Sources */ = {isa = PBXBuildFile; fileRef = 9091CDA81A0BF93A00E18F53 /* AFURLSessionManager.m */; };
		9091CDC41A0BF93A00E18F53 /* AFNetworkActivityIndicatorManager.m in Sources */ = {isa = PBXBuildFile; fileRef = 9091CDAB1A0BF93A00E18F53 /* AFNetworkActivityIndicatorManager.m */; };
		9091CDC51A0BF93A00E18F53 /* UIActivityIndicatorView+AFNetworking.m in Sources */ = {isa = PBXBuildFile; fileRef = 9091CDAD1A0BF93A00E18F53 /* UIActivityIndicatorView+AFNetworking.m */; };
		9091CDC61A0BF93A00E18F53 /* UIAlertView+AFNetworking.m in Sources */ = {isa = PBXBuildFile; fileRef = 9091CDAF1A0BF93A00E18F53 /* UIAlertView+AFNetworking.m */; };
		9091CDC71A0BF93A00E18F53 /* UIButton+AFNetworking.m in Sources */ = {isa = PBXBuildFile; fileRef = 9091CDB11A0BF93A00E18F53 /* UIButton+AFNetworking.m */; };
		9091CDC81A0BF93A00E18F53 /* UIImageView+AFNetworking.m in Sources */ = {isa = PBXBuildFile; fileRef = 9091CDB31A0BF93A00E18F53 /* UIImageView+AFNetworking.m */; };
		9091CDC91A0BF93A00E18F53 /* UIProgressView+AFNetworking.m in Sources */ = {isa = PBXBuildFile; fileRef = 9091CDB61A0BF93A00E18F53 /* UIProgressView+AFNetworking.m */; };
		9091CDCA1A0BF93A00E18F53 /* UIRefreshControl+AFNetworking.m in Sources */ = {isa = PBXBuildFile; fileRef = 9091CDB81A0BF93A00E18F53 /* UIRefreshControl+AFNetworking.m */; };
		9091CDCB1A0BF93A00E18F53 /* UIWebView+AFNetworking.m in Sources */ = {isa = PBXBuildFile; fileRef = 9091CDBA1A0BF93A00E18F53 /* UIWebView+AFNetworking.m */; };
		90DA96D019B0E98C00C7141A /* libsqlite3.dylib in Frameworks */ = {isa = PBXBuildFile; fileRef = 90DA96CF19B0E98C00C7141A /* libsqlite3.dylib */; };
		90DA96D319B0E9D300C7141A /* DBManager.m in Sources */ = {isa = PBXBuildFile; fileRef = 90DA96D219B0E9D300C7141A /* DBManager.m */; };
		90DA96D619B1FF9E00C7141A /* DefinitionObject.m in Sources */ = {isa = PBXBuildFile; fileRef = 90DA96D519B1FF9E00C7141A /* DefinitionObject.m */; };
		90DA96D919B200C600C7141A /* WordObject.m in Sources */ = {isa = PBXBuildFile; fileRef = 90DA96D819B200C600C7141A /* WordObject.m */; };
		90EF618A1A080995007F4D7E /* SplashViewController.m in Sources */ = {isa = PBXBuildFile; fileRef = 90EF61891A080995007F4D7E /* SplashViewController.m */; };
/* End PBXBuildFile section */

/* Begin PBXContainerItemProxy section */
		903D5C8519A483CB00119129 /* PBXContainerItemProxy */ = {
			isa = PBXContainerItemProxy;
			containerPortal = 903D5C5D19A483CB00119129 /* Project object */;
			proxyType = 1;
			remoteGlobalIDString = 903D5C6419A483CB00119129;
			remoteInfo = "GRE Cards iOS";
		};
/* End PBXContainerItemProxy section */

/* Begin PBXFileReference section */
		0C8D9578962D41289FA0B4A1 /* libPods.a */ = {isa = PBXFileReference; explicitFileType = archive.ar; includeInIndex = 0; path = libPods.a; sourceTree = BUILT_PRODUCTS_DIR; };
		90163D8719D739CC00CB0BBE /* tab_fav.png */ = {isa = PBXFileReference; lastKnownFileType = image.png; path = tab_fav.png; sourceTree = "<group>"; };
		90163D8819D739CC00CB0BBE /* tab_ign.png */ = {isa = PBXFileReference; lastKnownFileType = image.png; path = tab_ign.png; sourceTree = "<group>"; };
		90163D8919D739CC00CB0BBE /* tab_list.png */ = {isa = PBXFileReference; lastKnownFileType = image.png; path = tab_list.png; sourceTree = "<group>"; };
		90163D8F19D739F300CB0BBE /* facebook.png */ = {isa = PBXFileReference; lastKnownFileType = image.png; path = facebook.png; sourceTree = "<group>"; };
		90163D9119D864B100CB0BBE /* star_select.png */ = {isa = PBXFileReference; lastKnownFileType = image.png; path = star_select.png; sourceTree = "<group>"; };
		90163D9219D864B100CB0BBE /* star_unselect.png */ = {isa = PBXFileReference; lastKnownFileType = image.png; path = star_unselect.png; sourceTree = "<group>"; };
		90163D9519D869F100CB0BBE /* WordViewController.h */ = {isa = PBXFileReference; fileEncoding = 4; lastKnownFileType = sourcecode.c.h; path = WordViewController.h; sourceTree = "<group>"; };
		90163D9619D869F100CB0BBE /* WordViewController.m */ = {isa = PBXFileReference; fileEncoding = 4; lastKnownFileType = sourcecode.c.objc; path = WordViewController.m; sourceTree = "<group>"; };
		903D5C6519A483CB00119129 /* GRE Cards iOS.app */ = {isa = PBXFileReference; explicitFileType = wrapper.application; includeInIndex = 0; path = "GRE Cards iOS.app"; sourceTree = BUILT_PRODUCTS_DIR; };
		903D5C6819A483CB00119129 /* Foundation.framework */ = {isa = PBXFileReference; lastKnownFileType = wrapper.framework; name = Foundation.framework; path = System/Library/Frameworks/Foundation.framework; sourceTree = SDKROOT; };
		903D5C6A19A483CB00119129 /* CoreGraphics.framework */ = {isa = PBXFileReference; lastKnownFileType = wrapper.framework; name = CoreGraphics.framework; path = System/Library/Frameworks/CoreGraphics.framework; sourceTree = SDKROOT; };
		903D5C6C19A483CB00119129 /* UIKit.framework */ = {isa = PBXFileReference; lastKnownFileType = wrapper.framework; name = UIKit.framework; path = System/Library/Frameworks/UIKit.framework; sourceTree = SDKROOT; };
		903D5C7019A483CB00119129 /* GRE Cards iOS-Info.plist */ = {isa = PBXFileReference; lastKnownFileType = text.plist.xml; path = "GRE Cards iOS-Info.plist"; sourceTree = "<group>"; };
		903D5C7219A483CB00119129 /* en */ = {isa = PBXFileReference; lastKnownFileType = text.plist.strings; name = en; path = en.lproj/InfoPlist.strings; sourceTree = "<group>"; };
		903D5C7419A483CB00119129 /* main.m */ = {isa = PBXFileReference; lastKnownFileType = sourcecode.c.objc; path = main.m; sourceTree = "<group>"; };
		903D5C7619A483CB00119129 /* GRE Cards iOS-Prefix.pch */ = {isa = PBXFileReference; lastKnownFileType = sourcecode.c.h; path = "GRE Cards iOS-Prefix.pch"; sourceTree = "<group>"; };
		903D5C7719A483CB00119129 /* AppDelegate.h */ = {isa = PBXFileReference; lastKnownFileType = sourcecode.c.h; path = AppDelegate.h; sourceTree = "<group>"; };
		903D5C7819A483CB00119129 /* AppDelegate.m */ = {isa = PBXFileReference; lastKnownFileType = sourcecode.c.objc; path = AppDelegate.m; sourceTree = "<group>"; };
		903D5C7A19A483CB00119129 /* Images.xcassets */ = {isa = PBXFileReference; lastKnownFileType = folder.assetcatalog; path = Images.xcassets; sourceTree = "<group>"; };
		903D5C8019A483CB00119129 /* GRE Cards iOSTests.xctest */ = {isa = PBXFileReference; explicitFileType = wrapper.cfbundle; includeInIndex = 0; path = "GRE Cards iOSTests.xctest"; sourceTree = BUILT_PRODUCTS_DIR; };
		903D5C8919A483CB00119129 /* GRE Cards iOSTests-Info.plist */ = {isa = PBXFileReference; lastKnownFileType = text.plist.xml; path = "GRE Cards iOSTests-Info.plist"; sourceTree = "<group>"; };
		903D5C8B19A483CB00119129 /* en */ = {isa = PBXFileReference; lastKnownFileType = text.plist.strings; name = en; path = en.lproj/InfoPlist.strings; sourceTree = "<group>"; };
		903D5C8D19A483CB00119129 /* GRE_Cards_iOSTests.m */ = {isa = PBXFileReference; lastKnownFileType = sourcecode.c.objc; path = GRE_Cards_iOSTests.m; sourceTree = "<group>"; };
		90551A6C1A06B66400FACAF3 /* MainHeaderView.h */ = {isa = PBXFileReference; fileEncoding = 4; lastKnownFileType = sourcecode.c.h; path = MainHeaderView.h; sourceTree = "<group>"; };
		90551A6D1A06B66400FACAF3 /* MainHeaderView.m */ = {isa = PBXFileReference; fileEncoding = 4; lastKnownFileType = sourcecode.c.objc; path = MainHeaderView.m; sourceTree = "<group>"; };
		905AFFF119A4AE9E0039A13A /* SocialLogin.h */ = {isa = PBXFileReference; fileEncoding = 4; lastKnownFileType = sourcecode.c.h; path = SocialLogin.h; sourceTree = "<group>"; };
		905AFFF219A4AE9E0039A13A /* SocialLogin.m */ = {isa = PBXFileReference; fileEncoding = 4; lastKnownFileType = sourcecode.c.objc; path = SocialLogin.m; sourceTree = "<group>"; };
		905AFFF419A4B3D00039A13A /* FacebookSDK.framework */ = {isa = PBXFileReference; lastKnownFileType = wrapper.framework; path = FacebookSDK.framework; sourceTree = "<group>"; };
		905B6BDC19A4A24300A542E7 /* CommonFunction.h */ = {isa = PBXFileReference; fileEncoding = 4; lastKnownFileType = sourcecode.c.h; path = CommonFunction.h; sourceTree = "<group>"; };
		905B6BDD19A4A24300A542E7 /* CommonFunction.m */ = {isa = PBXFileReference; fileEncoding = 4; lastKnownFileType = sourcecode.c.objc; path = CommonFunction.m; sourceTree = "<group>"; };
		905B6BE219A4A35C00A542E7 /* GoogleOpenSource.framework */ = {isa = PBXFileReference; lastKnownFileType = wrapper.framework; path = GoogleOpenSource.framework; sourceTree = "<group>"; };
		905B6BE319A4A35C00A542E7 /* GooglePlus.framework */ = {isa = PBXFileReference; lastKnownFileType = wrapper.framework; path = GooglePlus.framework; sourceTree = "<group>"; };
		905B6BE619A4A37000A542E7 /* GooglePlus.bundle */ = {isa = PBXFileReference; lastKnownFileType = "wrapper.plug-in"; name = GooglePlus.bundle; path = "View Helpers/GooglePlus.bundle"; sourceTree = "<group>"; };
		905F8D9C19D3159D00519C99 /* WordListTableViewCell.h */ = {isa = PBXFileReference; fileEncoding = 4; lastKnownFileType = sourcecode.c.h; name = WordListTableViewCell.h; path = "GRE Cards iOS/Custom Cells/WordListTableViewCell.h"; sourceTree = SOURCE_ROOT; };
		905F8D9D19D3159D00519C99 /* WordListTableViewCell.m */ = {isa = PBXFileReference; fileEncoding = 4; lastKnownFileType = sourcecode.c.objc; name = WordListTableViewCell.m; path = "GRE Cards iOS/Custom Cells/WordListTableViewCell.m"; sourceTree = SOURCE_ROOT; };
		905F8DA019D31AD800519C99 /* WordListViewController.h */ = {isa = PBXFileReference; fileEncoding = 4; lastKnownFileType = sourcecode.c.h; path = WordListViewController.h; sourceTree = "<group>"; };
		905F8DA119D31AD800519C99 /* WordListViewController.m */ = {isa = PBXFileReference; fileEncoding = 4; lastKnownFileType = sourcecode.c.objc; path = WordListViewController.m; sourceTree = "<group>"; };
		906824C619A49A87003957A1 /* AddressBook.framework */ = {isa = PBXFileReference; lastKnownFileType = wrapper.framework; name = AddressBook.framework; path = System/Library/Frameworks/AddressBook.framework; sourceTree = SDKROOT; };
		906824C819A49A8F003957A1 /* AssetsLibrary.framework */ = {isa = PBXFileReference; lastKnownFileType = wrapper.framework; name = AssetsLibrary.framework; path = System/Library/Frameworks/AssetsLibrary.framework; sourceTree = SDKROOT; };
		906824CA19A49A9F003957A1 /* CoreLocation.framework */ = {isa = PBXFileReference; lastKnownFileType = wrapper.framework; name = CoreLocation.framework; path = System/Library/Frameworks/CoreLocation.framework; sourceTree = SDKROOT; };
		906824CC19A49AAE003957A1 /* CoreMotion.framework */ = {isa = PBXFileReference; lastKnownFileType = wrapper.framework; name = CoreMotion.framework; path = System/Library/Frameworks/CoreMotion.framework; sourceTree = SDKROOT; };
		906824CE19A49AD3003957A1 /* CoreText.framework */ = {isa = PBXFileReference; lastKnownFileType = wrapper.framework; name = CoreText.framework; path = System/Library/Frameworks/CoreText.framework; sourceTree = SDKROOT; };
		906824D019A49ADF003957A1 /* MediaPlayer.framework */ = {isa = PBXFileReference; lastKnownFileType = wrapper.framework; name = MediaPlayer.framework; path = System/Library/Frameworks/MediaPlayer.framework; sourceTree = SDKROOT; };
		906824D219A49AE6003957A1 /* Security.framework */ = {isa = PBXFileReference; lastKnownFileType = wrapper.framework; name = Security.framework; path = System/Library/Frameworks/Security.framework; sourceTree = SDKROOT; };
		906824D419A49AF5003957A1 /* SystemConfiguration.framework */ = {isa = PBXFileReference; lastKnownFileType = wrapper.framework; name = SystemConfiguration.framework; path = System/Library/Frameworks/SystemConfiguration.framework; sourceTree = SDKROOT; };
		906824E119A49F13003957A1 /* Toast.h */ = {isa = PBXFileReference; fileEncoding = 4; lastKnownFileType = sourcecode.c.h; path = Toast.h; sourceTree = "<group>"; };
		906824E219A49F13003957A1 /* Toast.m */ = {isa = PBXFileReference; fileEncoding = 4; lastKnownFileType = sourcecode.c.objc; path = Toast.m; sourceTree = "<group>"; };
		906824E619A49F2F003957A1 /* NSString+MD5.h */ = {isa = PBXFileReference; fileEncoding = 4; lastKnownFileType = sourcecode.c.h; path = "NSString+MD5.h"; sourceTree = "<group>"; };
		906824E719A49F2F003957A1 /* NSString+MD5.m */ = {isa = PBXFileReference; fileEncoding = 4; lastKnownFileType = sourcecode.c.objc; path = "NSString+MD5.m"; sourceTree = "<group>"; };
		906824EB19A49F5F003957A1 /* Authentication.h */ = {isa = PBXFileReference; fileEncoding = 4; lastKnownFileType = sourcecode.c.h; path = Authentication.h; sourceTree = "<group>"; };
		906824EC19A49F5F003957A1 /* Authentication.m */ = {isa = PBXFileReference; fileEncoding = 4; lastKnownFileType = sourcecode.c.objc; path = Authentication.m; sourceTree = "<group>"; };
		906824EF19A49F7C003957A1 /* DashboardViewController.h */ = {isa = PBXFileReference; fileEncoding = 4; lastKnownFileType = sourcecode.c.h; path = DashboardViewController.h; sourceTree = "<group>"; };
		906824F019A49F7C003957A1 /* DashboardViewController.m */ = {isa = PBXFileReference; fileEncoding = 4; lastKnownFileType = sourcecode.c.objc; path = DashboardViewController.m; sourceTree = "<group>"; };
		906824F119A49F7C003957A1 /* DownloadViewController.h */ = {isa = PBXFileReference; fileEncoding = 4; lastKnownFileType = sourcecode.c.h; path = DownloadViewController.h; sourceTree = "<group>"; };
		906824F219A49F7C003957A1 /* DownloadViewController.m */ = {isa = PBXFileReference; fileEncoding = 4; lastKnownFileType = sourcecode.c.objc; path = DownloadViewController.m; sourceTree = "<group>"; };
		906824F319A49F7C003957A1 /* LoginViewController.h */ = {isa = PBXFileReference; fileEncoding = 4; lastKnownFileType = sourcecode.c.h; path = LoginViewController.h; sourceTree = "<group>"; };
		906824F419A49F7C003957A1 /* LoginViewController.m */ = {isa = PBXFileReference; fileEncoding = 4; lastKnownFileType = sourcecode.c.objc; path = LoginViewController.m; sourceTree = "<group>"; };
		908B6A5519CBE33600633F2F /* Constants.h */ = {isa = PBXFileReference; fileEncoding = 4; lastKnownFileType = sourcecode.c.h; path = Constants.h; sourceTree = "<group>"; };
		908B6A5619CBE33600633F2F /* Constants.m */ = {isa = PBXFileReference; fileEncoding = 4; lastKnownFileType = sourcecode.c.objc; path = Constants.m; sourceTree = "<group>"; };
		9091CD961A0BF93A00E18F53 /* AFHTTPRequestOperation.h */ = {isa = PBXFileReference; fileEncoding = 4; lastKnownFileType = sourcecode.c.h; path = AFHTTPRequestOperation.h; sourceTree = "<group>"; };
		9091CD971A0BF93A00E18F53 /* AFHTTPRequestOperation.m */ = {isa = PBXFileReference; fileEncoding = 4; lastKnownFileType = sourcecode.c.objc; path = AFHTTPRequestOperation.m; sourceTree = "<group>"; };
		9091CD981A0BF93A00E18F53 /* AFHTTPRequestOperationManager.h */ = {isa = PBXFileReference; fileEncoding = 4; lastKnownFileType = sourcecode.c.h; path = AFHTTPRequestOperationManager.h; sourceTree = "<group>"; };
		9091CD991A0BF93A00E18F53 /* AFHTTPRequestOperationManager.m */ = {isa = PBXFileReference; fileEncoding = 4; lastKnownFileType = sourcecode.c.objc; path = AFHTTPRequestOperationManager.m; sourceTree = "<group>"; };
		9091CD9A1A0BF93A00E18F53 /* AFHTTPSessionManager.h */ = {isa = PBXFileReference; fileEncoding = 4; lastKnownFileType = sourcecode.c.h; path = AFHTTPSessionManager.h; sourceTree = "<group>"; };
		9091CD9B1A0BF93A00E18F53 /* AFHTTPSessionManager.m */ = {isa = PBXFileReference; fileEncoding = 4; lastKnownFileType = sourcecode.c.objc; path = AFHTTPSessionManager.m; sourceTree = "<group>"; };
		9091CD9C1A0BF93A00E18F53 /* AFNetworking.h */ = {isa = PBXFileReference; fileEncoding = 4; lastKnownFileType = sourcecode.c.h; path = AFNetworking.h; sourceTree = "<group>"; };
		9091CD9D1A0BF93A00E18F53 /* AFNetworkReachabilityManager.h */ = {isa = PBXFileReference; fileEncoding = 4; lastKnownFileType = sourcecode.c.h; path = AFNetworkReachabilityManager.h; sourceTree = "<group>"; };
		9091CD9E1A0BF93A00E18F53 /* AFNetworkReachabilityManager.m */ = {isa = PBXFileReference; fileEncoding = 4; lastKnownFileType = sourcecode.c.objc; path = AFNetworkReachabilityManager.m; sourceTree = "<group>"; };
		9091CD9F1A0BF93A00E18F53 /* AFSecurityPolicy.h */ = {isa = PBXFileReference; fileEncoding = 4; lastKnownFileType = sourcecode.c.h; path = AFSecurityPolicy.h; sourceTree = "<group>"; };
		9091CDA01A0BF93A00E18F53 /* AFSecurityPolicy.m */ = {isa = PBXFileReference; fileEncoding = 4; lastKnownFileType = sourcecode.c.objc; path = AFSecurityPolicy.m; sourceTree = "<group>"; };
		9091CDA11A0BF93A00E18F53 /* AFURLConnectionOperation.h */ = {isa = PBXFileReference; fileEncoding = 4; lastKnownFileType = sourcecode.c.h; path = AFURLConnectionOperation.h; sourceTree = "<group>"; };
		9091CDA21A0BF93A00E18F53 /* AFURLConnectionOperation.m */ = {isa = PBXFileReference; fileEncoding = 4; lastKnownFileType = sourcecode.c.objc; path = AFURLConnectionOperation.m; sourceTree = "<group>"; };
		9091CDA31A0BF93A00E18F53 /* AFURLRequestSerialization.h */ = {isa = PBXFileReference; fileEncoding = 4; lastKnownFileType = sourcecode.c.h; path = AFURLRequestSerialization.h; sourceTree = "<group>"; };
		9091CDA41A0BF93A00E18F53 /* AFURLRequestSerialization.m */ = {isa = PBXFileReference; fileEncoding = 4; lastKnownFileType = sourcecode.c.objc; path = AFURLRequestSerialization.m; sourceTree = "<group>"; };
		9091CDA51A0BF93A00E18F53 /* AFURLResponseSerialization.h */ = {isa = PBXFileReference; fileEncoding = 4; lastKnownFileType = sourcecode.c.h; path = AFURLResponseSerialization.h; sourceTree = "<group>"; };
		9091CDA61A0BF93A00E18F53 /* AFURLResponseSerialization.m */ = {isa = PBXFileReference; fileEncoding = 4; lastKnownFileType = sourcecode.c.objc; path = AFURLResponseSerialization.m; sourceTree = "<group>"; };
		9091CDA71A0BF93A00E18F53 /* AFURLSessionManager.h */ = {isa = PBXFileReference; fileEncoding = 4; lastKnownFileType = sourcecode.c.h; path = AFURLSessionManager.h; sourceTree = "<group>"; };
		9091CDA81A0BF93A00E18F53 /* AFURLSessionManager.m */ = {isa = PBXFileReference; fileEncoding = 4; lastKnownFileType = sourcecode.c.objc; path = AFURLSessionManager.m; sourceTree = "<group>"; };
		9091CDAA1A0BF93A00E18F53 /* AFNetworkActivityIndicatorManager.h */ = {isa = PBXFileReference; fileEncoding = 4; lastKnownFileType = sourcecode.c.h; path = AFNetworkActivityIndicatorManager.h; sourceTree = "<group>"; };
		9091CDAB1A0BF93A00E18F53 /* AFNetworkActivityIndicatorManager.m */ = {isa = PBXFileReference; fileEncoding = 4; lastKnownFileType = sourcecode.c.objc; path = AFNetworkActivityIndicatorManager.m; sourceTree = "<group>"; };
		9091CDAC1A0BF93A00E18F53 /* UIActivityIndicatorView+AFNetworking.h */ = {isa = PBXFileReference; fileEncoding = 4; lastKnownFileType = sourcecode.c.h; path = "UIActivityIndicatorView+AFNetworking.h"; sourceTree = "<group>"; };
		9091CDAD1A0BF93A00E18F53 /* UIActivityIndicatorView+AFNetworking.m */ = {isa = PBXFileReference; fileEncoding = 4; lastKnownFileType = sourcecode.c.objc; path = "UIActivityIndicatorView+AFNetworking.m"; sourceTree = "<group>"; };
		9091CDAE1A0BF93A00E18F53 /* UIAlertView+AFNetworking.h */ = {isa = PBXFileReference; fileEncoding = 4; lastKnownFileType = sourcecode.c.h; path = "UIAlertView+AFNetworking.h"; sourceTree = "<group>"; };
		9091CDAF1A0BF93A00E18F53 /* UIAlertView+AFNetworking.m */ = {isa = PBXFileReference; fileEncoding = 4; lastKnownFileType = sourcecode.c.objc; path = "UIAlertView+AFNetworking.m"; sourceTree = "<group>"; };
		9091CDB01A0BF93A00E18F53 /* UIButton+AFNetworking.h */ = {isa = PBXFileReference; fileEncoding = 4; lastKnownFileType = sourcecode.c.h; path = "UIButton+AFNetworking.h"; sourceTree = "<group>"; };
		9091CDB11A0BF93A00E18F53 /* UIButton+AFNetworking.m */ = {isa = PBXFileReference; fileEncoding = 4; lastKnownFileType = sourcecode.c.objc; path = "UIButton+AFNetworking.m"; sourceTree = "<group>"; };
		9091CDB21A0BF93A00E18F53 /* UIImageView+AFNetworking.h */ = {isa = PBXFileReference; fileEncoding = 4; lastKnownFileType = sourcecode.c.h; path = "UIImageView+AFNetworking.h"; sourceTree = "<group>"; };
		9091CDB31A0BF93A00E18F53 /* UIImageView+AFNetworking.m */ = {isa = PBXFileReference; fileEncoding = 4; lastKnownFileType = sourcecode.c.objc; path = "UIImageView+AFNetworking.m"; sourceTree = "<group>"; };
		9091CDB41A0BF93A00E18F53 /* UIKit+AFNetworking.h */ = {isa = PBXFileReference; fileEncoding = 4; lastKnownFileType = sourcecode.c.h; path = "UIKit+AFNetworking.h"; sourceTree = "<group>"; };
		9091CDB51A0BF93A00E18F53 /* UIProgressView+AFNetworking.h */ = {isa = PBXFileReference; fileEncoding = 4; lastKnownFileType = sourcecode.c.h; path = "UIProgressView+AFNetworking.h"; sourceTree = "<group>"; };
		9091CDB61A0BF93A00E18F53 /* UIProgressView+AFNetworking.m */ = {isa = PBXFileReference; fileEncoding = 4; lastKnownFileType = sourcecode.c.objc; path = "UIProgressView+AFNetworking.m"; sourceTree = "<group>"; };
		9091CDB71A0BF93A00E18F53 /* UIRefreshControl+AFNetworking.h */ = {isa = PBXFileReference; fileEncoding = 4; lastKnownFileType = sourcecode.c.h; path = "UIRefreshControl+AFNetworking.h"; sourceTree = "<group>"; };
		9091CDB81A0BF93A00E18F53 /* UIRefreshControl+AFNetworking.m */ = {isa = PBXFileReference; fileEncoding = 4; lastKnownFileType = sourcecode.c.objc; path = "UIRefreshControl+AFNetworking.m"; sourceTree = "<group>"; };
		9091CDB91A0BF93A00E18F53 /* UIWebView+AFNetworking.h */ = {isa = PBXFileReference; fileEncoding = 4; lastKnownFileType = sourcecode.c.h; path = "UIWebView+AFNetworking.h"; sourceTree = "<group>"; };
		9091CDBA1A0BF93A00E18F53 /* UIWebView+AFNetworking.m */ = {isa = PBXFileReference; fileEncoding = 4; lastKnownFileType = sourcecode.c.objc; path = "UIWebView+AFNetworking.m"; sourceTree = "<group>"; };
		90DA96CF19B0E98C00C7141A /* libsqlite3.dylib */ = {isa = PBXFileReference; lastKnownFileType = "compiled.mach-o.dylib"; name = libsqlite3.dylib; path = usr/lib/libsqlite3.dylib; sourceTree = SDKROOT; };
		90DA96D119B0E9D300C7141A /* DBManager.h */ = {isa = PBXFileReference; fileEncoding = 4; lastKnownFileType = sourcecode.c.h; path = DBManager.h; sourceTree = "<group>"; };
		90DA96D219B0E9D300C7141A /* DBManager.m */ = {isa = PBXFileReference; fileEncoding = 4; lastKnownFileType = sourcecode.c.objc; path = DBManager.m; sourceTree = "<group>"; };
		90DA96D419B1FF9E00C7141A /* DefinitionObject.h */ = {isa = PBXFileReference; fileEncoding = 4; lastKnownFileType = sourcecode.c.h; path = DefinitionObject.h; sourceTree = "<group>"; };
		90DA96D519B1FF9E00C7141A /* DefinitionObject.m */ = {isa = PBXFileReference; fileEncoding = 4; lastKnownFileType = sourcecode.c.objc; path = DefinitionObject.m; sourceTree = "<group>"; };
		90DA96D719B200C600C7141A /* WordObject.h */ = {isa = PBXFileReference; fileEncoding = 4; lastKnownFileType = sourcecode.c.h; path = WordObject.h; sourceTree = "<group>"; };
		90DA96D819B200C600C7141A /* WordObject.m */ = {isa = PBXFileReference; fileEncoding = 4; lastKnownFileType = sourcecode.c.objc; path = WordObject.m; sourceTree = "<group>"; };
		90EF61881A080995007F4D7E /* SplashViewController.h */ = {isa = PBXFileReference; fileEncoding = 4; lastKnownFileType = sourcecode.c.h; path = SplashViewController.h; sourceTree = "<group>"; };
		90EF61891A080995007F4D7E /* SplashViewController.m */ = {isa = PBXFileReference; fileEncoding = 4; lastKnownFileType = sourcecode.c.objc; path = SplashViewController.m; sourceTree = "<group>"; };
		99A6B6C4953C435DA19C2ED7 /* Pods.xcconfig */ = {isa = PBXFileReference; includeInIndex = 1; lastKnownFileType = text.xcconfig; name = Pods.xcconfig; path = Pods/Pods.xcconfig; sourceTree = "<group>"; };
/* End PBXFileReference section */

/* Begin PBXFrameworksBuildPhase section */
		903D5C6219A483CB00119129 /* Frameworks */ = {
			isa = PBXFrameworksBuildPhase;
			buildActionMask = 2147483647;
			files = (
				90DA96D019B0E98C00C7141A /* libsqlite3.dylib in Frameworks */,
				906824D519A49AF5003957A1 /* SystemConfiguration.framework in Frameworks */,
				906824D319A49AE6003957A1 /* Security.framework in Frameworks */,
				905B6BE419A4A35C00A542E7 /* GoogleOpenSource.framework in Frameworks */,
				906824D119A49ADF003957A1 /* MediaPlayer.framework in Frameworks */,
				906824CF19A49AD3003957A1 /* CoreText.framework in Frameworks */,
				903D5C6B19A483CB00119129 /* CoreGraphics.framework in Frameworks */,
				906824CD19A49AAE003957A1 /* CoreMotion.framework in Frameworks */,
				906824CB19A49A9F003957A1 /* CoreLocation.framework in Frameworks */,
				906824C919A49A8F003957A1 /* AssetsLibrary.framework in Frameworks */,
				905B6BE519A4A35C00A542E7 /* GooglePlus.framework in Frameworks */,
				906824C719A49A87003957A1 /* AddressBook.framework in Frameworks */,
				905AFFF519A4B3D00039A13A /* FacebookSDK.framework in Frameworks */,
				903D5C6D19A483CB00119129 /* UIKit.framework in Frameworks */,
				903D5C6919A483CB00119129 /* Foundation.framework in Frameworks */,
				3F01A396C5984D5AA5188619 /* libPods.a in Frameworks */,
			);
			runOnlyForDeploymentPostprocessing = 0;
		};
		903D5C7D19A483CB00119129 /* Frameworks */ = {
			isa = PBXFrameworksBuildPhase;
			buildActionMask = 2147483647;
			files = (
				903D5C8419A483CB00119129 /* UIKit.framework in Frameworks */,
				903D5C8319A483CB00119129 /* Foundation.framework in Frameworks */,
			);
			runOnlyForDeploymentPostprocessing = 0;
		};
/* End PBXFrameworksBuildPhase section */

/* Begin PBXGroup section */
		90163D8419D739CC00CB0BBE /* assets */ = {
			isa = PBXGroup;
			children = (
				90163D9119D864B100CB0BBE /* star_select.png */,
				90163D9219D864B100CB0BBE /* star_unselect.png */,
				90163D8F19D739F300CB0BBE /* facebook.png */,
				90163D8719D739CC00CB0BBE /* tab_fav.png */,
				90163D8819D739CC00CB0BBE /* tab_ign.png */,
				90163D8919D739CC00CB0BBE /* tab_list.png */,
			);
			path = assets;
			sourceTree = "<group>";
		};
		903D5C5C19A483CB00119129 = {
			isa = PBXGroup;
			children = (
				903D5C6E19A483CB00119129 /* GRE Cards iOS */,
				903D5C8719A483CB00119129 /* GRE Cards iOSTests */,
				903D5C6719A483CB00119129 /* Frameworks */,
				903D5C6619A483CB00119129 /* Products */,
				99A6B6C4953C435DA19C2ED7 /* Pods.xcconfig */,
			);
			sourceTree = "<group>";
		};
		903D5C6619A483CB00119129 /* Products */ = {
			isa = PBXGroup;
			children = (
				903D5C6519A483CB00119129 /* GRE Cards iOS.app */,
				903D5C8019A483CB00119129 /* GRE Cards iOSTests.xctest */,
			);
			name = Products;
			sourceTree = "<group>";
		};
		903D5C6719A483CB00119129 /* Frameworks */ = {
			isa = PBXGroup;
			children = (
				90DA96CF19B0E98C00C7141A /* libsqlite3.dylib */,
				905AFFF419A4B3D00039A13A /* FacebookSDK.framework */,
				905B6BE219A4A35C00A542E7 /* GoogleOpenSource.framework */,
				905B6BE319A4A35C00A542E7 /* GooglePlus.framework */,
				906824D419A49AF5003957A1 /* SystemConfiguration.framework */,
				906824D219A49AE6003957A1 /* Security.framework */,
				906824D019A49ADF003957A1 /* MediaPlayer.framework */,
				906824CE19A49AD3003957A1 /* CoreText.framework */,
				906824CC19A49AAE003957A1 /* CoreMotion.framework */,
				906824CA19A49A9F003957A1 /* CoreLocation.framework */,
				906824C819A49A8F003957A1 /* AssetsLibrary.framework */,
				906824C619A49A87003957A1 /* AddressBook.framework */,
				903D5C6819A483CB00119129 /* Foundation.framework */,
				903D5C6A19A483CB00119129 /* CoreGraphics.framework */,
				903D5C6C19A483CB00119129 /* UIKit.framework */,
				0C8D9578962D41289FA0B4A1 /* libPods.a */,
			);
			name = Frameworks;
			sourceTree = "<group>";
		};
		903D5C6E19A483CB00119129 /* GRE Cards iOS */ = {
			isa = PBXGroup;
			children = (
				9091CD941A0BF92500E18F53 /* AFNetworking */,
				90163D8419D739CC00CB0BBE /* assets */,
				905B6BE619A4A37000A542E7 /* GooglePlus.bundle */,
				906824EE19A49F7C003957A1 /* View Controller */,
				906824EA19A49F5F003957A1 /* Model */,
				906824E419A49F2F003957A1 /* Category */,
				905F8D9F19D315A900519C99 /* Custom Cells */,
				906824E019A49F13003957A1 /* View Helpers */,
				903D5C7719A483CB00119129 /* AppDelegate.h */,
				903D5C7819A483CB00119129 /* AppDelegate.m */,
				90DA96D119B0E9D300C7141A /* DBManager.h */,
				90DA96D219B0E9D300C7141A /* DBManager.m */,
				905B6BDC19A4A24300A542E7 /* CommonFunction.h */,
				905B6BDD19A4A24300A542E7 /* CommonFunction.m */,
				908B6A5519CBE33600633F2F /* Constants.h */,
				908B6A5619CBE33600633F2F /* Constants.m */,
				903D5C7A19A483CB00119129 /* Images.xcassets */,
				903D5C6F19A483CB00119129 /* Supporting Files */,
			);
			path = "GRE Cards iOS";
			sourceTree = "<group>";
		};
		903D5C6F19A483CB00119129 /* Supporting Files */ = {
			isa = PBXGroup;
			children = (
				903D5C7019A483CB00119129 /* GRE Cards iOS-Info.plist */,
				903D5C7119A483CB00119129 /* InfoPlist.strings */,
				903D5C7419A483CB00119129 /* main.m */,
				903D5C7619A483CB00119129 /* GRE Cards iOS-Prefix.pch */,
			);
			name = "Supporting Files";
			sourceTree = "<group>";
		};
		903D5C8719A483CB00119129 /* GRE Cards iOSTests */ = {
			isa = PBXGroup;
			children = (
				903D5C8D19A483CB00119129 /* GRE_Cards_iOSTests.m */,
				903D5C8819A483CB00119129 /* Supporting Files */,
			);
			path = "GRE Cards iOSTests";
			sourceTree = "<group>";
		};
		903D5C8819A483CB00119129 /* Supporting Files */ = {
			isa = PBXGroup;
			children = (
				903D5C8919A483CB00119129 /* GRE Cards iOSTests-Info.plist */,
				903D5C8A19A483CB00119129 /* InfoPlist.strings */,
			);
			name = "Supporting Files";
			sourceTree = "<group>";
		};
		905F8D9F19D315A900519C99 /* Custom Cells */ = {
			isa = PBXGroup;
			children = (
				905F8D9C19D3159D00519C99 /* WordListTableViewCell.h */,
				905F8D9D19D3159D00519C99 /* WordListTableViewCell.m */,
			);
			name = "Custom Cells";
			sourceTree = "<group>";
		};
		906824E019A49F13003957A1 /* View Helpers */ = {
			isa = PBXGroup;
			children = (
				906824E119A49F13003957A1 /* Toast.h */,
				906824E219A49F13003957A1 /* Toast.m */,
				90551A6C1A06B66400FACAF3 /* MainHeaderView.h */,
				90551A6D1A06B66400FACAF3 /* MainHeaderView.m */,
			);
			path = "View Helpers";
			sourceTree = "<group>";
		};
		906824E419A49F2F003957A1 /* Category */ = {
			isa = PBXGroup;
			children = (
				906824E619A49F2F003957A1 /* NSString+MD5.h */,
				906824E719A49F2F003957A1 /* NSString+MD5.m */,
			);
			name = Category;
			path = "View Helpers/Category";
			sourceTree = "<group>";
		};
		906824EA19A49F5F003957A1 /* Model */ = {
			isa = PBXGroup;
			children = (
				906824EB19A49F5F003957A1 /* Authentication.h */,
				906824EC19A49F5F003957A1 /* Authentication.m */,
				905AFFF119A4AE9E0039A13A /* SocialLogin.h */,
				905AFFF219A4AE9E0039A13A /* SocialLogin.m */,
				90DA96D419B1FF9E00C7141A /* DefinitionObject.h */,
				90DA96D519B1FF9E00C7141A /* DefinitionObject.m */,
				90DA96D719B200C600C7141A /* WordObject.h */,
				90DA96D819B200C600C7141A /* WordObject.m */,
			);
			path = Model;
			sourceTree = "<group>";
		};
		906824EE19A49F7C003957A1 /* View Controller */ = {
			isa = PBXGroup;
			children = (
				906824EF19A49F7C003957A1 /* DashboardViewController.h */,
				906824F019A49F7C003957A1 /* DashboardViewController.m */,
				906824F119A49F7C003957A1 /* DownloadViewController.h */,
				906824F219A49F7C003957A1 /* DownloadViewController.m */,
				906824F319A49F7C003957A1 /* LoginViewController.h */,
				906824F419A49F7C003957A1 /* LoginViewController.m */,
				905F8DA019D31AD800519C99 /* WordListViewController.h */,
				905F8DA119D31AD800519C99 /* WordListViewController.m */,
				90163D9519D869F100CB0BBE /* WordViewController.h */,
				90163D9619D869F100CB0BBE /* WordViewController.m */,
				90EF61881A080995007F4D7E /* SplashViewController.h */,
				90EF61891A080995007F4D7E /* SplashViewController.m */,
			);
			path = "View Controller";
			sourceTree = "<group>";
		};
		9091CD941A0BF92500E18F53 /* AFNetworking */ = {
			isa = PBXGroup;
			children = (
				9091CD951A0BF93A00E18F53 /* AFNetworking */,
				9091CDA91A0BF93A00E18F53 /* UIKit+AFNetworking */,
			);
			name = AFNetworking;
			sourceTree = "<group>";
		};
		9091CD951A0BF93A00E18F53 /* AFNetworking */ = {
			isa = PBXGroup;
			children = (
				9091CD961A0BF93A00E18F53 /* AFHTTPRequestOperation.h */,
				9091CD971A0BF93A00E18F53 /* AFHTTPRequestOperation.m */,
				9091CD981A0BF93A00E18F53 /* AFHTTPRequestOperationManager.h */,
				9091CD991A0BF93A00E18F53 /* AFHTTPRequestOperationManager.m */,
				9091CD9A1A0BF93A00E18F53 /* AFHTTPSessionManager.h */,
				9091CD9B1A0BF93A00E18F53 /* AFHTTPSessionManager.m */,
				9091CD9C1A0BF93A00E18F53 /* AFNetworking.h */,
				9091CD9D1A0BF93A00E18F53 /* AFNetworkReachabilityManager.h */,
				9091CD9E1A0BF93A00E18F53 /* AFNetworkReachabilityManager.m */,
				9091CD9F1A0BF93A00E18F53 /* AFSecurityPolicy.h */,
				9091CDA01A0BF93A00E18F53 /* AFSecurityPolicy.m */,
				9091CDA11A0BF93A00E18F53 /* AFURLConnectionOperation.h */,
				9091CDA21A0BF93A00E18F53 /* AFURLConnectionOperation.m */,
				9091CDA31A0BF93A00E18F53 /* AFURLRequestSerialization.h */,
				9091CDA41A0BF93A00E18F53 /* AFURLRequestSerialization.m */,
				9091CDA51A0BF93A00E18F53 /* AFURLResponseSerialization.h */,
				9091CDA61A0BF93A00E18F53 /* AFURLResponseSerialization.m */,
				9091CDA71A0BF93A00E18F53 /* AFURLSessionManager.h */,
				9091CDA81A0BF93A00E18F53 /* AFURLSessionManager.m */,
			);
			path = AFNetworking;
			sourceTree = "<group>";
		};
		9091CDA91A0BF93A00E18F53 /* UIKit+AFNetworking */ = {
			isa = PBXGroup;
			children = (
				9091CDAA1A0BF93A00E18F53 /* AFNetworkActivityIndicatorManager.h */,
				9091CDAB1A0BF93A00E18F53 /* AFNetworkActivityIndicatorManager.m */,
				9091CDAC1A0BF93A00E18F53 /* UIActivityIndicatorView+AFNetworking.h */,
				9091CDAD1A0BF93A00E18F53 /* UIActivityIndicatorView+AFNetworking.m */,
				9091CDAE1A0BF93A00E18F53 /* UIAlertView+AFNetworking.h */,
				9091CDAF1A0BF93A00E18F53 /* UIAlertView+AFNetworking.m */,
				9091CDB01A0BF93A00E18F53 /* UIButton+AFNetworking.h */,
				9091CDB11A0BF93A00E18F53 /* UIButton+AFNetworking.m */,
				9091CDB21A0BF93A00E18F53 /* UIImageView+AFNetworking.h */,
				9091CDB31A0BF93A00E18F53 /* UIImageView+AFNetworking.m */,
				9091CDB41A0BF93A00E18F53 /* UIKit+AFNetworking.h */,
				9091CDB51A0BF93A00E18F53 /* UIProgressView+AFNetworking.h */,
				9091CDB61A0BF93A00E18F53 /* UIProgressView+AFNetworking.m */,
				9091CDB71A0BF93A00E18F53 /* UIRefreshControl+AFNetworking.h */,
				9091CDB81A0BF93A00E18F53 /* UIRefreshControl+AFNetworking.m */,
				9091CDB91A0BF93A00E18F53 /* UIWebView+AFNetworking.h */,
				9091CDBA1A0BF93A00E18F53 /* UIWebView+AFNetworking.m */,
			);
			path = "UIKit+AFNetworking";
			sourceTree = "<group>";
		};
/* End PBXGroup section */

/* Begin PBXNativeTarget section */
		903D5C6419A483CB00119129 /* GRE Cards iOS */ = {
			isa = PBXNativeTarget;
			buildConfigurationList = 903D5C9119A483CB00119129 /* Build configuration list for PBXNativeTarget "GRE Cards iOS" */;
			buildPhases = (
				E48CE81469504A078D97BE23 /* Check Pods Manifest.lock */,
				903D5C6119A483CB00119129 /* Sources */,
				903D5C6219A483CB00119129 /* Frameworks */,
				903D5C6319A483CB00119129 /* Resources */,
				B7F77D18E6A342039D54C6DF /* Copy Pods Resources */,
			);
			buildRules = (
			);
			dependencies = (
			);
			name = "GRE Cards iOS";
			productName = "GRE Cards iOS";
			productReference = 903D5C6519A483CB00119129 /* GRE Cards iOS.app */;
			productType = "com.apple.product-type.application";
		};
		903D5C7F19A483CB00119129 /* GRE Cards iOSTests */ = {
			isa = PBXNativeTarget;
			buildConfigurationList = 903D5C9419A483CB00119129 /* Build configuration list for PBXNativeTarget "GRE Cards iOSTests" */;
			buildPhases = (
				903D5C7C19A483CB00119129 /* Sources */,
				903D5C7D19A483CB00119129 /* Frameworks */,
				903D5C7E19A483CB00119129 /* Resources */,
			);
			buildRules = (
			);
			dependencies = (
				903D5C8619A483CB00119129 /* PBXTargetDependency */,
			);
			name = "GRE Cards iOSTests";
			productName = "GRE Cards iOSTests";
			productReference = 903D5C8019A483CB00119129 /* GRE Cards iOSTests.xctest */;
			productType = "com.apple.product-type.bundle.unit-test";
		};
/* End PBXNativeTarget section */

/* Begin PBXProject section */
		903D5C5D19A483CB00119129 /* Project object */ = {
			isa = PBXProject;
			attributes = {
				LastUpgradeCheck = 0510;
				ORGANIZATIONNAME = "Utopia Developers";
				TargetAttributes = {
					903D5C7F19A483CB00119129 = {
						TestTargetID = 903D5C6419A483CB00119129;
					};
				};
			};
			buildConfigurationList = 903D5C6019A483CB00119129 /* Build configuration list for PBXProject "GRE Cards iOS" */;
			compatibilityVersion = "Xcode 3.2";
			developmentRegion = English;
			hasScannedForEncodings = 0;
			knownRegions = (
				en,
			);
			mainGroup = 903D5C5C19A483CB00119129;
			productRefGroup = 903D5C6619A483CB00119129 /* Products */;
			projectDirPath = "";
			projectRoot = "";
			targets = (
				903D5C6419A483CB00119129 /* GRE Cards iOS */,
				903D5C7F19A483CB00119129 /* GRE Cards iOSTests */,
			);
		};
/* End PBXProject section */

/* Begin PBXResourcesBuildPhase section */
		903D5C6319A483CB00119129 /* Resources */ = {
			isa = PBXResourcesBuildPhase;
			buildActionMask = 2147483647;
			files = (
				903D5C7319A483CB00119129 /* InfoPlist.strings in Resources */,
				90163D8D19D739CC00CB0BBE /* tab_ign.png in Resources */,
				90163D8C19D739CC00CB0BBE /* tab_fav.png in Resources */,
				90163D9319D864B100CB0BBE /* star_select.png in Resources */,
				90163D9019D739F300CB0BBE /* facebook.png in Resources */,
				905B6BE719A4A37000A542E7 /* GooglePlus.bundle in Resources */,
				90163D9419D864B100CB0BBE /* star_unselect.png in Resources */,
				903D5C7B19A483CB00119129 /* Images.xcassets in Resources */,
				90163D8E19D739CC00CB0BBE /* tab_list.png in Resources */,
			);
			runOnlyForDeploymentPostprocessing = 0;
		};
		903D5C7E19A483CB00119129 /* Resources */ = {
			isa = PBXResourcesBuildPhase;
			buildActionMask = 2147483647;
			files = (
				903D5C8C19A483CB00119129 /* InfoPlist.strings in Resources */,
			);
			runOnlyForDeploymentPostprocessing = 0;
		};
/* End PBXResourcesBuildPhase section */

/* Begin PBXShellScriptBuildPhase section */
		B7F77D18E6A342039D54C6DF /* Copy Pods Resources */ = {
			isa = PBXShellScriptBuildPhase;
			buildActionMask = 2147483647;
			files = (
			);
			inputPaths = (
			);
			name = "Copy Pods Resources";
			outputPaths = (
			);
			runOnlyForDeploymentPostprocessing = 0;
			shellPath = /bin/sh;
			shellScript = "\"${SRCROOT}/Pods/Pods-resources.sh\"\n";
			showEnvVarsInLog = 0;
		};
		E48CE81469504A078D97BE23 /* Check Pods Manifest.lock */ = {
			isa = PBXShellScriptBuildPhase;
			buildActionMask = 2147483647;
			files = (
			);
			inputPaths = (
			);
			name = "Check Pods Manifest.lock";
			outputPaths = (
			);
			runOnlyForDeploymentPostprocessing = 0;
			shellPath = /bin/sh;
			shellScript = "diff \"${PODS_ROOT}/../Podfile.lock\" \"${PODS_ROOT}/Manifest.lock\" > /dev/null\nif [[ $? != 0 ]] ; then\n    cat << EOM\nerror: The sandbox is not in sync with the Podfile.lock. Run 'pod install' or update your CocoaPods installation.\nEOM\n    exit 1\nfi\n";
			showEnvVarsInLog = 0;
		};
/* End PBXShellScriptBuildPhase section */

/* Begin PBXSourcesBuildPhase section */
		903D5C6119A483CB00119129 /* Sources */ = {
			isa = PBXSourcesBuildPhase;
			buildActionMask = 2147483647;
			files = (
				906824F719A49F7C003957A1 /* LoginViewController.m in Sources */,
				906824E319A49F13003957A1 /* Toast.m in Sources */,
				905B6BE019A4A24300A542E7 /* CommonFunction.m in Sources */,
				90DA96D319B0E9D300C7141A /* DBManager.m in Sources */,
				9091CDC01A0BF93A00E18F53 /* AFURLConnectionOperation.m in Sources */,
				9091CDBF1A0BF93A00E18F53 /* AFSecurityPolicy.m in Sources */,
				9091CDC71A0BF93A00E18F53 /* UIButton+AFNetworking.m in Sources */,
				9091CDC51A0BF93A00E18F53 /* UIActivityIndicatorView+AFNetworking.m in Sources */,
				9091CDC91A0BF93A00E18F53 /* UIProgressView+AFNetworking.m in Sources */,
				908B6A5719CBE33600633F2F /* Constants.m in Sources */,
				9091CDBD1A0BF93A00E18F53 /* AFHTTPSessionManager.m in Sources */,
				906824F619A49F7C003957A1 /* DownloadViewController.m in Sources */,
				90551A6E1A06B66400FACAF3 /* MainHeaderView.m in Sources */,
				906824F519A49F7C003957A1 /* DashboardViewController.m in Sources */,
				90DA96D619B1FF9E00C7141A /* DefinitionObject.m in Sources */,
				9091CDC41A0BF93A00E18F53 /* AFNetworkActivityIndicatorManager.m in Sources */,
				9091CDC61A0BF93A00E18F53 /* UIAlertView+AFNetworking.m in Sources */,
				90DA96D919B200C600C7141A /* WordObject.m in Sources */,
				906824E919A49F2F003957A1 /* NSString+MD5.m in Sources */,
				9091CDBC1A0BF93A00E18F53 /* AFHTTPRequestOperationManager.m in Sources */,
				9091CDCB1A0BF93A00E18F53 /* UIWebView+AFNetworking.m in Sources */,
				905F8DA219D31AD900519C99 /* WordListViewController.m in Sources */,
				9091CDBB1A0BF93A00E18F53 /* AFHTTPRequestOperation.m in Sources */,
				9091CDCA1A0BF93A00E18F53 /* UIRefreshControl+AFNetworking.m in Sources */,
				9091CDC31A0BF93A00E18F53 /* AFURLSessionManager.m in Sources */,
				905AFFF319A4AE9E0039A13A /* SocialLogin.m in Sources */,
				9091CDBE1A0BF93A00E18F53 /* AFNetworkReachabilityManager.m in Sources */,
				9091CDC21A0BF93A00E18F53 /* AFURLResponseSerialization.m in Sources */,
				9091CDC11A0BF93A00E18F53 /* AFURLRequestSerialization.m in Sources */,
				906824ED19A49F5F003957A1 /* Authentication.m in Sources */,
				90EF618A1A080995007F4D7E /* SplashViewController.m in Sources */,
				903D5C7919A483CB00119129 /* AppDelegate.m in Sources */,
				90163D9719D869F100CB0BBE /* WordViewController.m in Sources */,
				905F8D9E19D3159D00519C99 /* WordListTableViewCell.m in Sources */,
				9091CDC81A0BF93A00E18F53 /* UIImageView+AFNetworking.m in Sources */,
				903D5C7519A483CB00119129 /* main.m in Sources */,
			);
			runOnlyForDeploymentPostprocessing = 0;
		};
		903D5C7C19A483CB00119129 /* Sources */ = {
			isa = PBXSourcesBuildPhase;
			buildActionMask = 2147483647;
			files = (
				903D5C8E19A483CB00119129 /* GRE_Cards_iOSTests.m in Sources */,
			);
			runOnlyForDeploymentPostprocessing = 0;
		};
/* End PBXSourcesBuildPhase section */

/* Begin PBXTargetDependency section */
		903D5C8619A483CB00119129 /* PBXTargetDependency */ = {
			isa = PBXTargetDependency;
			target = 903D5C6419A483CB00119129 /* GRE Cards iOS */;
			targetProxy = 903D5C8519A483CB00119129 /* PBXContainerItemProxy */;
		};
/* End PBXTargetDependency section */

/* Begin PBXVariantGroup section */
		903D5C7119A483CB00119129 /* InfoPlist.strings */ = {
			isa = PBXVariantGroup;
			children = (
				903D5C7219A483CB00119129 /* en */,
			);
			name = InfoPlist.strings;
			sourceTree = "<group>";
		};
		903D5C8A19A483CB00119129 /* InfoPlist.strings */ = {
			isa = PBXVariantGroup;
			children = (
				903D5C8B19A483CB00119129 /* en */,
			);
			name = InfoPlist.strings;
			sourceTree = "<group>";
		};
/* End PBXVariantGroup section */

/* Begin XCBuildConfiguration section */
		903D5C8F19A483CB00119129 /* Debug */ = {
			isa = XCBuildConfiguration;
			buildSettings = {
				ALWAYS_SEARCH_USER_PATHS = NO;
				CLANG_CXX_LANGUAGE_STANDARD = "gnu++0x";
				CLANG_CXX_LIBRARY = "libc++";
				CLANG_ENABLE_MODULES = YES;
				CLANG_ENABLE_OBJC_ARC = YES;
				CLANG_WARN_BOOL_CONVERSION = YES;
				CLANG_WARN_CONSTANT_CONVERSION = YES;
				CLANG_WARN_DIRECT_OBJC_ISA_USAGE = YES_ERROR;
				CLANG_WARN_EMPTY_BODY = YES;
				CLANG_WARN_ENUM_CONVERSION = YES;
				CLANG_WARN_INT_CONVERSION = YES;
				CLANG_WARN_OBJC_ROOT_CLASS = YES_ERROR;
				CLANG_WARN__DUPLICATE_METHOD_MATCH = YES;
				"CODE_SIGN_IDENTITY[sdk=iphoneos*]" = "iPhone Developer";
				COPY_PHASE_STRIP = NO;
				GCC_C_LANGUAGE_STANDARD = gnu99;
				GCC_DYNAMIC_NO_PIC = NO;
				GCC_OPTIMIZATION_LEVEL = 0;
				GCC_PREPROCESSOR_DEFINITIONS = (
					"DEBUG=1",
					"$(inherited)",
				);
				GCC_SYMBOLS_PRIVATE_EXTERN = NO;
				GCC_WARN_64_TO_32_BIT_CONVERSION = YES;
				GCC_WARN_ABOUT_RETURN_TYPE = YES_ERROR;
				GCC_WARN_UNDECLARED_SELECTOR = YES;
				GCC_WARN_UNINITIALIZED_AUTOS = YES_AGGRESSIVE;
				GCC_WARN_UNUSED_FUNCTION = YES;
				GCC_WARN_UNUSED_VARIABLE = YES;
				IPHONEOS_DEPLOYMENT_TARGET = 7.1;
				ONLY_ACTIVE_ARCH = YES;
				SDKROOT = iphoneos;
				TARGETED_DEVICE_FAMILY = "1,2";
			};
			name = Debug;
		};
		903D5C9019A483CB00119129 /* Release */ = {
			isa = XCBuildConfiguration;
			buildSettings = {
				ALWAYS_SEARCH_USER_PATHS = NO;
				CLANG_CXX_LANGUAGE_STANDARD = "gnu++0x";
				CLANG_CXX_LIBRARY = "libc++";
				CLANG_ENABLE_MODULES = YES;
				CLANG_ENABLE_OBJC_ARC = YES;
				CLANG_WARN_BOOL_CONVERSION = YES;
				CLANG_WARN_CONSTANT_CONVERSION = YES;
				CLANG_WARN_DIRECT_OBJC_ISA_USAGE = YES_ERROR;
				CLANG_WARN_EMPTY_BODY = YES;
				CLANG_WARN_ENUM_CONVERSION = YES;
				CLANG_WARN_INT_CONVERSION = YES;
				CLANG_WARN_OBJC_ROOT_CLASS = YES_ERROR;
				CLANG_WARN__DUPLICATE_METHOD_MATCH = YES;
				"CODE_SIGN_IDENTITY[sdk=iphoneos*]" = "iPhone Developer";
				COPY_PHASE_STRIP = YES;
				ENABLE_NS_ASSERTIONS = NO;
				GCC_C_LANGUAGE_STANDARD = gnu99;
				GCC_WARN_64_TO_32_BIT_CONVERSION = YES;
				GCC_WARN_ABOUT_RETURN_TYPE = YES_ERROR;
				GCC_WARN_UNDECLARED_SELECTOR = YES;
				GCC_WARN_UNINITIALIZED_AUTOS = YES_AGGRESSIVE;
				GCC_WARN_UNUSED_FUNCTION = YES;
				GCC_WARN_UNUSED_VARIABLE = YES;
				IPHONEOS_DEPLOYMENT_TARGET = 7.1;
				SDKROOT = iphoneos;
				TARGETED_DEVICE_FAMILY = "1,2";
				VALIDATE_PRODUCT = YES;
			};
			name = Release;
		};
		903D5C9219A483CB00119129 /* Debug */ = {
			isa = XCBuildConfiguration;
			baseConfigurationReference = 99A6B6C4953C435DA19C2ED7 /* Pods.xcconfig */;
			buildSettings = {
				ASSETCATALOG_COMPILER_APPICON_NAME = AppIcon;
				ASSETCATALOG_COMPILER_LAUNCHIMAGE_NAME = LaunchImage;
				FRAMEWORK_SEARCH_PATHS = (
					"$(inherited)",
					/Users/satyamkrishna/Downloads/Code,
					"Snippets/google-plus-ios-sdk-1.7.0",
					"$(PROJECT_DIR)",
				);
				GCC_PRECOMPILE_PREFIX_HEADER = YES;
				GCC_PREFIX_HEADER = "GRE Cards iOS/GRE Cards iOS-Prefix.pch";
				INFOPLIST_FILE = "GRE Cards iOS/GRE Cards iOS-Info.plist";
				PRODUCT_NAME = "$(TARGET_NAME)";
				TARGETED_DEVICE_FAMILY = 1;
				WRAPPER_EXTENSION = app;
			};
			name = Debug;
		};
		903D5C9319A483CB00119129 /* Release */ = {
			isa = XCBuildConfiguration;
			baseConfigurationReference = 99A6B6C4953C435DA19C2ED7 /* Pods.xcconfig */;
			buildSettings = {
				ASSETCATALOG_COMPILER_APPICON_NAME = AppIcon;
				ASSETCATALOG_COMPILER_LAUNCHIMAGE_NAME = LaunchImage;
				FRAMEWORK_SEARCH_PATHS = (
					"$(inherited)",
					/Users/satyamkrishna/Downloads/Code,
					"Snippets/google-plus-ios-sdk-1.7.0",
					"$(PROJECT_DIR)",
				);
				GCC_PRECOMPILE_PREFIX_HEADER = YES;
				GCC_PREFIX_HEADER = "GRE Cards iOS/GRE Cards iOS-Prefix.pch";
				INFOPLIST_FILE = "GRE Cards iOS/GRE Cards iOS-Info.plist";
				PRODUCT_NAME = "$(TARGET_NAME)";
				TARGETED_DEVICE_FAMILY = 1;
				WRAPPER_EXTENSION = app;
			};
			name = Release;
		};
		903D5C9519A483CB00119129 /* Debug */ = {
			isa = XCBuildConfiguration;
			buildSettings = {
				BUNDLE_LOADER = "$(BUILT_PRODUCTS_DIR)/GRE Cards iOS.app/GRE Cards iOS";
				FRAMEWORK_SEARCH_PATHS = (
					"$(SDKROOT)/Developer/Library/Frameworks",
					"$(inherited)",
					"$(DEVELOPER_FRAMEWORKS_DIR)",
				);
				GCC_PRECOMPILE_PREFIX_HEADER = YES;
				GCC_PREFIX_HEADER = "GRE Cards iOS/GRE Cards iOS-Prefix.pch";
				GCC_PREPROCESSOR_DEFINITIONS = (
					"DEBUG=1",
					"$(inherited)",
				);
				INFOPLIST_FILE = "GRE Cards iOSTests/GRE Cards iOSTests-Info.plist";
				PRODUCT_NAME = "$(TARGET_NAME)";
				TEST_HOST = "$(BUNDLE_LOADER)";
				WRAPPER_EXTENSION = xctest;
			};
			name = Debug;
		};
		903D5C9619A483CB00119129 /* Release */ = {
			isa = XCBuildConfiguration;
			buildSettings = {
				BUNDLE_LOADER = "$(BUILT_PRODUCTS_DIR)/GRE Cards iOS.app/GRE Cards iOS";
				FRAMEWORK_SEARCH_PATHS = (
					"$(SDKROOT)/Developer/Library/Frameworks",
					"$(inherited)",
					"$(DEVELOPER_FRAMEWORKS_DIR)",
				);
				GCC_PRECOMPILE_PREFIX_HEADER = YES;
				GCC_PREFIX_HEADER = "GRE Cards iOS/GRE Cards iOS-Prefix.pch";
				INFOPLIST_FILE = "GRE Cards iOSTests/GRE Cards iOSTests-Info.plist";
				PRODUCT_NAME = "$(TARGET_NAME)";
				TEST_HOST = "$(BUNDLE_LOADER)";
				WRAPPER_EXTENSION = xctest;
			};
			name = Release;
		};
/* End XCBuildConfiguration section */

/* Begin XCConfigurationList section */
		903D5C6019A483CB00119129 /* Build configuration list for PBXProject "GRE Cards iOS" */ = {
			isa = XCConfigurationList;
			buildConfigurations = (
				903D5C8F19A483CB00119129 /* Debug */,
				903D5C9019A483CB00119129 /* Release */,
			);
			defaultConfigurationIsVisible = 0;
			defaultConfigurationName = Release;
		};
		903D5C9119A483CB00119129 /* Build configuration list for PBXNativeTarget "GRE Cards iOS" */ = {
			isa = XCConfigurationList;
			buildConfigurations = (
				903D5C9219A483CB00119129 /* Debug */,
				903D5C9319A483CB00119129 /* Release */,
			);
			defaultConfigurationIsVisible = 0;
			defaultConfigurationName = Release;
		};
		903D5C9419A483CB00119129 /* Build configuration list for PBXNativeTarget "GRE Cards iOSTests" */ = {
			isa = XCConfigurationList;
			buildConfigurations = (
				903D5C9519A483CB00119129 /* Debug */,
				903D5C9619A483CB00119129 /* Release */,
			);
			defaultConfigurationIsVisible = 0;
			defaultConfigurationName = Release;
		};
/* End XCConfigurationList section */
	};
	rootObject = 903D5C5D19A483CB00119129 /* Project object */;
}
